
Microsoft Visual Studio Solution File, Format Version 12.00
# Visual Studio Version 17
VisualStudioVersion = 17.6.33829.357
MinimumVisualStudioVersion = 10.0.40219.1
Project("{FAE04EC0-301F-11D3-BF4B-00C04F79EFBC}") = "Venture", "Venture.csproj", "{17173415-951D-4294-BCEC-22566E31C912}"
EndProject
Project("{FAE04EC0-301F-11D3-BF4B-00C04F79EFBC}") = "Financial", "..\Financial\Financial.csproj", "{AF400407-2072-437F-BA3B-DAF7BE118486}"
EndProject
Global
	GlobalSection(SolutionConfigurationPlatforms) = preSolution
		Debug|Any CPU = Debug|Any CPU
		Release|Any CPU = Release|Any CPU
	EndGlobalSection
	GlobalSection(ProjectConfigurationPlatforms) = postSolution
		{17173415-951D-4294-BCEC-22566E31C912}.Debug|Any CPU.ActiveCfg = Debug|Any CPU
		{17173415-951D-4294-BCEC-22566E31C912}.Debug|Any CPU.Build.0 = Debug|Any CPU
		{17173415-951D-4294-BCEC-22566E31C912}.Release|Any CPU.ActiveCfg = Release|Any CPU
		{17173415-951D-4294-BCEC-22566E31C912}.Release|Any CPU.Build.0 = Release|Any CPU
		{AF400407-2072-437F-BA3B-DAF7BE118486}.Debug|Any CPU.ActiveCfg = Debug|Any CPU
		{AF400407-2072-437F-BA3B-DAF7BE118486}.Debug|Any CPU.Build.0 = Debug|Any CPU
		{AF400407-2072-437F-BA3B-DAF7BE118486}.Release|Any CPU.ActiveCfg = Release|Any CPU
		{AF400407-2072-437F-BA3B-DAF7BE118486}.Release|Any CPU.Build.0 = Release|Any CPU
	EndGlobalSection
	GlobalSection(SolutionProperties) = preSolution
		HideSolutionNode = FALSE
	EndGlobalSection
	GlobalSection(ExtensibilityGlobals) = postSolution
		SolutionGuid = {CCC608D8-C2B7-4C94-ACE2-FC2F589E5754}
	EndGlobalSection
EndGlobal
